
Microsoft Visual Studio Solution File, Format Version 11.00
# Visual Studio 2010
Project("{FAE04EC0-301F-11D3-BF4B-00C04F79EFBC}") = "Assembly-CSharp", "Assembly-CSharp.csproj", "{b92edc01-1a2b-42f2-c9ed-89bb56d788cc}"
EndProject
Project("{FAE04EC0-301F-11D3-BF4B-00C04F79EFBC}") = "Assembly-CSharp-Editor", "Assembly-CSharp-Editor.csproj", "{27556a1b-b136-3730-94f2-d4f9d3bd2fb7}"
EndProject
Global
	GlobalSection(SolutionConfigurationPlatforms) = preSolution
		Debug|Any CPU = Debug|Any CPU
	EndGlobalSection
	GlobalSection(ProjectConfigurationPlatforms) = postSolution
		{b92edc01-1a2b-42f2-c9ed-89bb56d788cc}.Debug|Any CPU.ActiveCfg = Debug|Any CPU
		{b92edc01-1a2b-42f2-c9ed-89bb56d788cc}.Debug|Any CPU.Build.0 = Debug|Any CPU
		{27556a1b-b136-3730-94f2-d4f9d3bd2fb7}.Debug|Any CPU.ActiveCfg = Debug|Any CPU
		{27556a1b-b136-3730-94f2-d4f9d3bd2fb7}.Debug|Any CPU.Build.0 = Debug|Any CPU
	EndGlobalSection
	GlobalSection(SolutionProperties) = preSolution
		HideSolutionNode = FALSE
	EndGlobalSection
EndGlobal
